// !$*UTF8*$!
{
	archiveVersion = 1;
	classes = {
	};
	objectVersion = 48;
	objects = {

/* Begin PBXBuildFile section */
		254B7EA8983ADC55794F0593 /* libPods-SqliteStorageDemo.a in Frameworks */ = {isa = PBXBuildFile; fileRef = E34882D1C42653404895F933 /* libPods-SqliteStorageDemo.a */; };
		2D2E0543202A5662008A8DB0 /* AppDelegate.m in Sources */ = {isa = PBXBuildFile; fileRef = 2D2E0542202A5662008A8DB0 /* AppDelegate.m */; };
		2D2E0546202A5662008A8DB0 /* ViewController.m in Sources */ = {isa = PBXBuildFile; fileRef = 2D2E0545202A5662008A8DB0 /* ViewController.m */; };
		2D2E0549202A5662008A8DB0 /* Main.storyboard in Resources */ = {isa = PBXBuildFile; fileRef = 2D2E0547202A5662008A8DB0 /* Main.storyboard */; };
		2D2E054B202A5662008A8DB0 /* Assets.xcassets in Resources */ = {isa = PBXBuildFile; fileRef = 2D2E054A202A5662008A8DB0 /* Assets.xcassets */; };
		2D2E054E202A5662008A8DB0 /* LaunchScreen.storyboard in Resources */ = {isa = PBXBuildFile; fileRef = 2D2E054C202A5662008A8DB0 /* LaunchScreen.storyboard */; };
		2D2E0551202A5662008A8DB0 /* main.m in Sources */ = {isa = PBXBuildFile; fileRef = 2D2E0550202A5662008A8DB0 /* main.m */; };
/* End PBXBuildFile section */

/* Begin PBXFileReference section */
		001DE3B94BFEE17B3E13346C /* Pods-SqliteStorageDemo.debug.xcconfig */ = {isa = PBXFileReference; includeInIndex = 1; lastKnownFileType = text.xcconfig; name = "Pods-SqliteStorageDemo.debug.xcconfig"; path = "Pods/Target Support Files/Pods-SqliteStorageDemo/Pods-SqliteStorageDemo.debug.xcconfig"; sourceTree = "<group>"; };
		2D2E053E202A5662008A8DB0 /* SqliteStorageDemo.app */ = {isa = PBXFileReference; explicitFileType = wrapper.application; includeInIndex = 0; path = SqliteStorageDemo.app; sourceTree = BUILT_PRODUCTS_DIR; };
		2D2E0541202A5662008A8DB0 /* AppDelegate.h */ = {isa = PBXFileReference; lastKnownFileType = sourcecode.c.h; path = AppDelegate.h; sourceTree = "<group>"; };
		2D2E0542202A5662008A8DB0 /* AppDelegate.m */ = {isa = PBXFileReference; lastKnownFileType = sourcecode.c.objc; path = AppDelegate.m; sourceTree = "<group>"; };
		2D2E0544202A5662008A8DB0 /* ViewController.h */ = {isa = PBXFileReference; lastKnownFileType = sourcecode.c.h; path = ViewController.h; sourceTree = "<group>"; };
		2D2E0545202A5662008A8DB0 /* ViewController.m */ = {isa = PBXFileReference; lastKnownFileType = sourcecode.c.objc; path = ViewController.m; sourceTree = "<group>"; };
		2D2E0548202A5662008A8DB0 /* Base */ = {isa = PBXFileReference; lastKnownFileType = file.storyboard; name = Base; path = Base.lproj/Main.storyboard; sourceTree = "<group>"; };
		2D2E054A202A5662008A8DB0 /* Assets.xcassets */ = {isa = PBXFileReference; lastKnownFileType = folder.assetcatalog; path = Assets.xcassets; sourceTree = "<group>"; };
		2D2E054D202A5662008A8DB0 /* Base */ = {isa = PBXFileReference; lastKnownFileType = file.storyboard; name = Base; path = Base.lproj/LaunchScreen.storyboard; sourceTree = "<group>"; };
		2D2E054F202A5662008A8DB0 /* Info.plist */ = {isa = PBXFileReference; lastKnownFileType = text.plist.xml; path = Info.plist; sourceTree = "<group>"; };
		2D2E0550202A5662008A8DB0 /* main.m */ = {isa = PBXFileReference; lastKnownFileType = sourcecode.c.objc; path = main.m; sourceTree = "<group>"; };
		E34882D1C42653404895F933 /* libPods-SqliteStorageDemo.a */ = {isa = PBXFileReference; explicitFileType = archive.ar; includeInIndex = 0; path = "libPods-SqliteStorageDemo.a"; sourceTree = BUILT_PRODUCTS_DIR; };
		EA9810119A98CB89EE287627 /* Pods-SqliteStorageDemo.release.xcconfig */ = {isa = PBXFileReference; includeInIndex = 1; lastKnownFileType = text.xcconfig; name = "Pods-SqliteStorageDemo.release.xcconfig"; path = "Pods/Target Support Files/Pods-SqliteStorageDemo/Pods-SqliteStorageDemo.release.xcconfig"; sourceTree = "<group>"; };
/* End PBXFileReference section */

/* Begin PBXFrameworksBuildPhase section */
		2D2E053B202A5662008A8DB0 /* Frameworks */ = {
			isa = PBXFrameworksBuildPhase;
			buildActionMask = 2147483647;
			files = (
				254B7EA8983ADC55794F0593 /* libPods-SqliteStorageDemo.a in Frameworks */,
			);
			runOnlyForDeploymentPostprocessing = 0;
		};
/* End PBXFrameworksBuildPhase section */

/* Begin PBXGroup section */
		06AB6C9C7FA3F59587FD4AAB /* Pods */ = {
			isa = PBXGroup;
			children = (
				001DE3B94BFEE17B3E13346C /* Pods-SqliteStorageDemo.debug.xcconfig */,
				EA9810119A98CB89EE287627 /* Pods-SqliteStorageDemo.release.xcconfig */,
			);
			name = Pods;
			sourceTree = "<group>";
		};
		2D2E0535202A5662008A8DB0 = {
			isa = PBXGroup;
			children = (
				2D2E0540202A5662008A8DB0 /* SqliteStorageDemo */,
				2D2E053F202A5662008A8DB0 /* Products */,
				06AB6C9C7FA3F59587FD4AAB /* Pods */,
				E41C3D7194C9C2E8766FDB1E /* Frameworks */,
			);
			sourceTree = "<group>";
		};
		2D2E053F202A5662008A8DB0 /* Products */ = {
			isa = PBXGroup;
			children = (
				2D2E053E202A5662008A8DB0 /* SqliteStorageDemo.app */,
			);
			name = Products;
			sourceTree = "<group>";
		};
		2D2E0540202A5662008A8DB0 /* SqliteStorageDemo */ = {
			isa = PBXGroup;
			children = (
				2D2E0541202A5662008A8DB0 /* AppDelegate.h */,
				2D2E0542202A5662008A8DB0 /* AppDelegate.m */,
				2D2E0544202A5662008A8DB0 /* ViewController.h */,
				2D2E0545202A5662008A8DB0 /* ViewController.m */,
				2D2E0547202A5662008A8DB0 /* Main.storyboard */,
				2D2E054A202A5662008A8DB0 /* Assets.xcassets */,
				2D2E054C202A5662008A8DB0 /* LaunchScreen.storyboard */,
				2D2E054F202A5662008A8DB0 /* Info.plist */,
				2D2E0550202A5662008A8DB0 /* main.m */,
			);
			path = SqliteStorageDemo;
			sourceTree = "<group>";
		};
		E41C3D7194C9C2E8766FDB1E /* Frameworks */ = {
			isa = PBXGroup;
			children = (
				E34882D1C42653404895F933 /* libPods-SqliteStorageDemo.a */,
			);
			name = Frameworks;
			sourceTree = "<group>";
		};
/* End PBXGroup section */

/* Begin PBXNativeTarget section */
		2D2E053D202A5662008A8DB0 /* SqliteStorageDemo */ = {
			isa = PBXNativeTarget;
			buildConfigurationList = 2D2E0554202A5662008A8DB0 /* Build configuration list for PBXNativeTarget "SqliteStorageDemo" */;
			buildPhases = (
				9133B375D6BB10DBFAECE720 /* [CP] Check Pods Manifest.lock */,
				2D2E053A202A5662008A8DB0 /* Sources */,
				2D2E053B202A5662008A8DB0 /* Frameworks */,
				2D2E053C202A5662008A8DB0 /* Resources */,
				0A478BACE58221D5C3B8FE94 /* [CP] Embed Pods Frameworks */,
				C267D4BCB108D3E48272EA0B /* [CP] Copy Pods Resources */,
			);
			buildRules = (
			);
			dependencies = (
			);
			name = SqliteStorageDemo;
			productName = SqliteStorageDemo;
			productReference = 2D2E053E202A5662008A8DB0 /* SqliteStorageDemo.app */;
			productType = "com.apple.product-type.application";
		};
/* End PBXNativeTarget section */

/* Begin PBXProject section */
		2D2E0536202A5662008A8DB0 /* Project object */ = {
			isa = PBXProject;
			attributes = {
				LastUpgradeCheck = 0920;
				ORGANIZATIONNAME = Zsombor;
				TargetAttributes = {
					2D2E053D202A5662008A8DB0 = {
						CreatedOnToolsVersion = 9.2;
						ProvisioningStyle = Automatic;
					};
				};
			};
			buildConfigurationList = 2D2E0539202A5662008A8DB0 /* Build configuration list for PBXProject "SqliteStorageDemo" */;
			compatibilityVersion = "Xcode 8.0";
			developmentRegion = en;
			hasScannedForEncodings = 0;
			knownRegions = (
				en,
				Base,
			);
			mainGroup = 2D2E0535202A5662008A8DB0;
			productRefGroup = 2D2E053F202A5662008A8DB0 /* Products */;
			projectDirPath = "";
			projectRoot = "";
			targets = (
				2D2E053D202A5662008A8DB0 /* SqliteStorageDemo */,
			);
		};
/* End PBXProject section */

/* Begin PBXResourcesBuildPhase section */
		2D2E053C202A5662008A8DB0 /* Resources */ = {
			isa = PBXResourcesBuildPhase;
			buildActionMask = 2147483647;
			files = (
				2D2E054E202A5662008A8DB0 /* LaunchScreen.storyboard in Resources */,
				2D2E054B202A5662008A8DB0 /* Assets.xcassets in Resources */,
				2D2E0549202A5662008A8DB0 /* Main.storyboard in Resources */,
			);
			runOnlyForDeploymentPostprocessing = 0;
		};
/* End PBXResourcesBuildPhase section */

/* Begin PBXShellScriptBuildPhase section */
		0A478BACE58221D5C3B8FE94 /* [CP] Embed Pods Frameworks */ = {
			isa = PBXShellScriptBuildPhase;
			buildActionMask = 2147483647;
			files = (
			);
			inputPaths = (
			);
			name = "[CP] Embed Pods Frameworks";
			outputPaths = (
			);
			runOnlyForDeploymentPostprocessing = 0;
			shellPath = /bin/sh;
			shellScript = "\"${SRCROOT}/Pods/Target Support Files/Pods-SqliteStorageDemo/Pods-SqliteStorageDemo-frameworks.sh\"\n";
			showEnvVarsInLog = 0;
		};
		9133B375D6BB10DBFAECE720 /* [CP] Check Pods Manifest.lock */ = {
			isa = PBXShellScriptBuildPhase;
			buildActionMask = 2147483647;
			files = (
			);
			inputPaths = (
				"${PODS_PODFILE_DIR_PATH}/Podfile.lock",
				"${PODS_ROOT}/Manifest.lock",
			);
			name = "[CP] Check Pods Manifest.lock";
			outputPaths = (
				"$(DERIVED_FILE_DIR)/Pods-SqliteStorageDemo-checkManifestLockResult.txt",
			);
			runOnlyForDeploymentPostprocessing = 0;
			shellPath = /bin/sh;
			shellScript = "diff \"${PODS_PODFILE_DIR_PATH}/Podfile.lock\" \"${PODS_ROOT}/Manifest.lock\" > /dev/null\nif [ $? != 0 ] ; then\n    # print error to STDERR\n    echo \"error: The sandbox is not in sync with the Podfile.lock. Run 'pod install' or update your CocoaPods installation.\" >&2\n    exit 1\nfi\n# This output is used by Xcode 'outputs' to avoid re-running this script phase.\necho \"SUCCESS\" > \"${SCRIPT_OUTPUT_FILE_0}\"\n";
			showEnvVarsInLog = 0;
		};
		C267D4BCB108D3E48272EA0B /* [CP] Copy Pods Resources */ = {
			isa = PBXShellScriptBuildPhase;
			buildActionMask = 2147483647;
			files = (
			);
			inputPaths = (
			);
			name = "[CP] Copy Pods Resources";
			outputPaths = (
			);
			runOnlyForDeploymentPostprocessing = 0;
			shellPath = /bin/sh;
			shellScript = "\"${SRCROOT}/Pods/Target Support Files/Pods-SqliteStorageDemo/Pods-SqliteStorageDemo-resources.sh\"\n";
			showEnvVarsInLog = 0;
		};
/* End PBXShellScriptBuildPhase section */

/* Begin PBXSourcesBuildPhase section */
		2D2E053A202A5662008A8DB0 /* Sources */ = {
			isa = PBXSourcesBuildPhase;
			buildActionMask = 2147483647;
			files = (
				2D2E0546202A5662008A8DB0 /* ViewController.m in Sources */,
				2D2E0551202A5662008A8DB0 /* main.m in Sources */,
				2D2E0543202A5662008A8DB0 /* AppDelegate.m in Sources */,
			);
			runOnlyForDeploymentPostprocessing = 0;
		};
/* End PBXSourcesBuildPhase section */

/* Begin PBXVariantGroup section */
		2D2E0547202A5662008A8DB0 /* Main.storyboard */ = {
			isa = PBXVariantGroup;
			children = (
				2D2E0548202A5662008A8DB0 /* Base */,
			);
			name = Main.storyboard;
			sourceTree = "<group>";
		};
		2D2E054C202A5662008A8DB0 /* LaunchScreen.storyboard */ = {
			isa = PBXVariantGroup;
			children = (
				2D2E054D202A5662008A8DB0 /* Base */,
			);
			name = LaunchScreen.storyboard;
			sourceTree = "<group>";
		};
/* End PBXVariantGroup section */

/* Begin XCBuildConfiguration section */
		2D2E0552202A5662008A8DB0 /* Debug */ = {
			isa = XCBuildConfiguration;
			buildSettings = {
				ALWAYS_SEARCH_USER_PATHS = NO;
				CLANG_ANALYZER_NONNULL = YES;
				CLANG_ANALYZER_NUMBER_OBJECT_CONVERSION = YES_AGGRESSIVE;
				CLANG_CXX_LANGUAGE_STANDARD = "gnu++14";
				CLANG_CXX_LIBRARY = "libc++";
				CLANG_ENABLE_MODULES = YES;
				CLANG_ENABLE_OBJC_ARC = YES;
				CLANG_WARN_BLOCK_CAPTURE_AUTORELEASING = YES;
				CLANG_WARN_BOOL_CONVERSION = YES;
				CLANG_WARN_COMMA = YES;
				CLANG_WARN_CONSTANT_CONVERSION = YES;
				CLANG_WARN_DIRECT_OBJC_ISA_USAGE = YES_ERROR;
				CLANG_WARN_DOCUMENTATION_COMMENTS = YES;
				CLANG_WARN_EMPTY_BODY = YES;
				CLANG_WARN_ENUM_CONVERSION = YES;
				CLANG_WARN_INFINITE_RECURSION = YES;
				CLANG_WARN_INT_CONVERSION = YES;
				CLANG_WARN_NON_LITERAL_NULL_CONVERSION = YES;
				CLANG_WARN_OBJC_LITERAL_CONVERSION = YES;
				CLANG_WARN_OBJC_ROOT_CLASS = YES_ERROR;
				CLANG_WARN_RANGE_LOOP_ANALYSIS = YES;
				CLANG_WARN_STRICT_PROTOTYPES = YES;
				CLANG_WARN_SUSPICIOUS_MOVE = YES;
				CLANG_WARN_UNGUARDED_AVAILABILITY = YES_AGGRESSIVE;
				CLANG_WARN_UNREACHABLE_CODE = YES;
				CLANG_WARN__DUPLICATE_METHOD_MATCH = YES;
				CODE_SIGN_IDENTITY = "iPhone Developer";
				COPY_PHASE_STRIP = NO;
				DEBUG_INFORMATION_FORMAT = dwarf;
				ENABLE_STRICT_OBJC_MSGSEND = YES;
				ENABLE_TESTABILITY = YES;
				GCC_C_LANGUAGE_STANDARD = gnu11;
				GCC_DYNAMIC_NO_PIC = NO;
				GCC_NO_COMMON_BLOCKS = YES;
				GCC_OPTIMIZATION_LEVEL = 0;
				GCC_PREPROCESSOR_DEFINITIONS = (
					"DEBUG=1",
					"$(inherited)",
				);
				GCC_WARN_64_TO_32_BIT_CONVERSION = YES;
				GCC_WARN_ABOUT_RETURN_TYPE = YES_ERROR;
				GCC_WARN_UNDECLARED_SELECTOR = YES;
				GCC_WARN_UNINITIALIZED_AUTOS = YES_AGGRESSIVE;
				GCC_WARN_UNUSED_FUNCTION = YES;
				GCC_WARN_UNUSED_VARIABLE = YES;
				IPHONEOS_DEPLOYMENT_TARGET = 11.2;
				MTL_ENABLE_DEBUG_INFO = YES;
				ONLY_ACTIVE_ARCH = YES;
				SDKROOT = iphoneos;
			};
			name = Debug;
		};
		2D2E0553202A5662008A8DB0 /* Release */ = {
			isa = XCBuildConfiguration;
			buildSettings = {
				ALWAYS_SEARCH_USER_PATHS = NO;
				CLANG_ANALYZER_NONNULL = YES;
				CLANG_ANALYZER_NUMBER_OBJECT_CONVERSION = YES_AGGRESSIVE;
				CLANG_CXX_LANGUAGE_STANDARD = "gnu++14";
				CLANG_CXX_LIBRARY = "libc++";
				CLANG_ENABLE_MODULES = YES;
				CLANG_ENABLE_OBJC_ARC = YES;
				CLANG_WARN_BLOCK_CAPTURE_AUTORELEASING = YES;
				CLANG_WARN_BOOL_CONVERSION = YES;
				CLANG_WARN_COMMA = YES;
				CLANG_WARN_CONSTANT_CONVERSION = YES;
				CLANG_WARN_DIRECT_OBJC_ISA_USAGE = YES_ERROR;
				CLANG_WARN_DOCUMENTATION_COMMENTS = YES;
				CLANG_WARN_EMPTY_BODY = YES;
				CLANG_WARN_ENUM_CONVERSION = YES;
				CLANG_WARN_INFINITE_RECURSION = YES;
				CLANG_WARN_INT_CONVERSION = YES;
				CLANG_WARN_NON_LITERAL_NULL_CONVERSION = YES;
				CLANG_WARN_OBJC_LITERAL_CONVERSION = YES;
				CLANG_WARN_OBJC_ROOT_CLASS = YES_ERROR;
				CLANG_WARN_RANGE_LOOP_ANALYSIS = YES;
				CLANG_WARN_STRICT_PROTOTYPES = YES;
				CLANG_WARN_SUSPICIOUS_MOVE = YES;
				CLANG_WARN_UNGUARDED_AVAILABILITY = YES_AGGRESSIVE;
				CLANG_WARN_UNREACHABLE_CODE = YES;
				CLANG_WARN__DUPLICATE_METHOD_MATCH = YES;
				CODE_SIGN_IDENTITY = "iPhone Developer";
				COPY_PHASE_STRIP = NO;
				DEBUG_INFORMATION_FORMAT = "dwarf-with-dsym";
				ENABLE_NS_ASSERTIONS = NO;
				ENABLE_STRICT_OBJC_MSGSEND = YES;
				GCC_C_LANGUAGE_STANDARD = gnu11;
				GCC_NO_COMMON_BLOCKS = YES;
				GCC_WARN_64_TO_32_BIT_CONVERSION = YES;
				GCC_WARN_ABOUT_RETURN_TYPE = YES_ERROR;
				GCC_WARN_UNDECLARED_SELECTOR = YES;
				GCC_WARN_UNINITIALIZED_AUTOS = YES_AGGRESSIVE;
				GCC_WARN_UNUSED_FUNCTION = YES;
				GCC_WARN_UNUSED_VARIABLE = YES;
				IPHONEOS_DEPLOYMENT_TARGET = 11.2;
				MTL_ENABLE_DEBUG_INFO = NO;
				SDKROOT = iphoneos;
				VALIDATE_PRODUCT = YES;
			};
			name = Release;
		};
		2D2E0555202A5662008A8DB0 /* Debug */ = {
			isa = XCBuildConfiguration;
			baseConfigurationReference = 001DE3B94BFEE17B3E13346C /* Pods-SqliteStorageDemo.debug.xcconfig */;
			buildSettings = {
				ASSETCATALOG_COMPILER_APPICON_NAME = "AppIcon-1";
				ASSETCATALOG_COMPILER_LAUNCHIMAGE_NAME = LaunchImage;
				CODE_SIGN_STYLE = Automatic;
				DEVELOPMENT_TEAM = 4Y2PN6E5NM;
				INFOPLIST_FILE = SqliteStorageDemo/Info.plist;
				IPHONEOS_DEPLOYMENT_TARGET = 11.0;
				LD_RUNPATH_SEARCH_PATHS = "$(inherited) @executable_path/Frameworks";
				PRODUCT_BUNDLE_IDENTIFIER = zsombor.SqliteStorageDemo;
				PRODUCT_NAME = "$(TARGET_NAME)";
				TARGETED_DEVICE_FAMILY = "1,2";
			};
			name = Debug;
		};
		2D2E0556202A5662008A8DB0 /* Release */ = {
			isa = XCBuildConfiguration;
			baseConfigurationReference = EA9810119A98CB89EE287627 /* Pods-SqliteStorageDemo.release.xcconfig */;
			buildSettings = {
				ASSETCATALOG_COMPILER_APPICON_NAME = "AppIcon-1";
				ASSETCATALOG_COMPILER_LAUNCHIMAGE_NAME = LaunchImage;
				CODE_SIGN_STYLE = Automatic;
				DEVELOPMENT_TEAM = 4Y2PN6E5NM;
				INFOPLIST_FILE = SqliteStorageDemo/Info.plist;
				IPHONEOS_DEPLOYMENT_TARGET = 11.0;
				LD_RUNPATH_SEARCH_PATHS = "$(inherited) @executable_path/Frameworks";
				PRODUCT_BUNDLE_IDENTIFIER = zsombor.SqliteStorageDemo;
				PRODUCT_NAME = "$(TARGET_NAME)";
				TARGETED_DEVICE_FAMILY = "1,2";
			};
			name = Release;
		};
/* End XCBuildConfiguration section */

/* Begin XCConfigurationList section */
		2D2E0539202A5662008A8DB0 /* Build configuration list for PBXProject "SqliteStorageDemo" */ = {
			isa = XCConfigurationList;
			buildConfigurations = (
				2D2E0552202A5662008A8DB0 /* Debug */,
				2D2E0553202A5662008A8DB0 /* Release */,
			);
			defaultConfigurationIsVisible = 0;
			defaultConfigurationName = Release;
		};
		2D2E0554202A5662008A8DB0 /* Build configuration list for PBXNativeTarget "SqliteStorageDemo" */ = {
			isa = XCConfigurationList;
			buildConfigurations = (
				2D2E0555202A5662008A8DB0 /* Debug */,
				2D2E0556202A5662008A8DB0 /* Release */,
			);
			defaultConfigurationIsVisible = 0;
			defaultConfigurationName = Release;
		};
/* End XCConfigurationList section */
	};
	rootObject = 2D2E0536202A5662008A8DB0 /* Project object */;
}
